
Microsoft Visual Studio Solution File, Format Version 12.00
# Visual Studio Version 17
VisualStudioVersion = 17.2.32505.173
MinimumVisualStudioVersion = 10.0.40219.1
Project("{2150E333-8FDC-42A3-9474-1A3956D46DE8}") = "Services", "Services", "{4E289C4A-541D-4A80-9F76-18225B70E449}"
EndProject
Project("{2150E333-8FDC-42A3-9474-1A3956D46DE8}") = "Catalog", "Catalog", "{85B99A8E-9C59-48F8-9457-33548FDD941A}"
EndProject
Project("{9A19103F-16F7-4668-BE54-9A1E7A4F7556}") = "Catalog.API", "Services\Catalog\Catalog.API\Catalog.API.csproj", "{4F350518-C22F-4F1B-9BC0-1D02A825FB89}"
EndProject
Project("{E53339B2-1760-4266-BCC7-CA923CBCF16C}") = "docker-compose", "docker-compose.dcproj", "{5786BA4D-41DC-47F4-B46B-74F23B5D192E}"
EndProject
Project("{2150E333-8FDC-42A3-9474-1A3956D46DE8}") = "Basket", "Basket", "{121CD0FB-4541-419C-9A7B-6765A02F7B72}"
EndProject
Project("{9A19103F-16F7-4668-BE54-9A1E7A4F7556}") = "Basket.API", "Services\Basket\Basket.API\Basket.API.csproj", "{B0132805-1DBB-4A85-8E8A-C1C475466F3C}"
EndProject
Project("{2150E333-8FDC-42A3-9474-1A3956D46DE8}") = "Discount", "Discount", "{A8564D42-D806-4AA3-8E06-3B2611CDE4F0}"
EndProject
Project("{FAE04EC0-301F-11D3-BF4B-00C04F79EFBC}") = "Discount.API", "Services\Discount\Discount.API\Discount.API.csproj", "{47E2E8BC-F41D-4771-8CFB-10FE8875DE31}"
EndProject
Project("{FAE04EC0-301F-11D3-BF4B-00C04F79EFBC}") = "Discount.Grpc", "Services\Discount\Discount.Grpc\Discount.Grpc.csproj", "{9881E3FD-05E3-4776-A65A-74494D07D36A}"
EndProject
Project("{2150E333-8FDC-42A3-9474-1A3956D46DE8}") = "Ordering", "Ordering", "{B48DE159-F455-4726-BBAA-04D1C8A637A5}"
EndProject
Project("{FAE04EC0-301F-11D3-BF4B-00C04F79EFBC}") = "Ordering.API", "Services\Ordering\Ordering.API\Ordering.API.csproj", "{87548A51-1896-4FB4-A20D-179252E30295}"
EndProject
Global
	GlobalSection(SolutionConfigurationPlatforms) = preSolution
		Debug|Any CPU = Debug|Any CPU
		Release|Any CPU = Release|Any CPU
	EndGlobalSection
	GlobalSection(ProjectConfigurationPlatforms) = postSolution
		{4F350518-C22F-4F1B-9BC0-1D02A825FB89}.Debug|Any CPU.ActiveCfg = Debug|Any CPU
		{4F350518-C22F-4F1B-9BC0-1D02A825FB89}.Debug|Any CPU.Build.0 = Debug|Any CPU
		{4F350518-C22F-4F1B-9BC0-1D02A825FB89}.Release|Any CPU.ActiveCfg = Release|Any CPU
		{4F350518-C22F-4F1B-9BC0-1D02A825FB89}.Release|Any CPU.Build.0 = Release|Any CPU
		{5786BA4D-41DC-47F4-B46B-74F23B5D192E}.Debug|Any CPU.ActiveCfg = Debug|Any CPU
		{5786BA4D-41DC-47F4-B46B-74F23B5D192E}.Debug|Any CPU.Build.0 = Debug|Any CPU
		{5786BA4D-41DC-47F4-B46B-74F23B5D192E}.Release|Any CPU.ActiveCfg = Release|Any CPU
		{5786BA4D-41DC-47F4-B46B-74F23B5D192E}.Release|Any CPU.Build.0 = Release|Any CPU
		{B0132805-1DBB-4A85-8E8A-C1C475466F3C}.Debug|Any CPU.ActiveCfg = Debug|Any CPU
		{B0132805-1DBB-4A85-8E8A-C1C475466F3C}.Debug|Any CPU.Build.0 = Debug|Any CPU
		{B0132805-1DBB-4A85-8E8A-C1C475466F3C}.Release|Any CPU.ActiveCfg = Release|Any CPU
		{B0132805-1DBB-4A85-8E8A-C1C475466F3C}.Release|Any CPU.Build.0 = Release|Any CPU
		{47E2E8BC-F41D-4771-8CFB-10FE8875DE31}.Debug|Any CPU.ActiveCfg = Debug|Any CPU
		{47E2E8BC-F41D-4771-8CFB-10FE8875DE31}.Debug|Any CPU.Build.0 = Debug|Any CPU
		{47E2E8BC-F41D-4771-8CFB-10FE8875DE31}.Release|Any CPU.ActiveCfg = Release|Any CPU
		{47E2E8BC-F41D-4771-8CFB-10FE8875DE31}.Release|Any CPU.Build.0 = Release|Any CPU
		{9881E3FD-05E3-4776-A65A-74494D07D36A}.Debug|Any CPU.ActiveCfg = Debug|Any CPU
		{9881E3FD-05E3-4776-A65A-74494D07D36A}.Debug|Any CPU.Build.0 = Debug|Any CPU
		{9881E3FD-05E3-4776-A65A-74494D07D36A}.Release|Any CPU.ActiveCfg = Release|Any CPU
		{9881E3FD-05E3-4776-A65A-74494D07D36A}.Release|Any CPU.Build.0 = Release|Any CPU
		{87548A51-1896-4FB4-A20D-179252E30295}.Debug|Any CPU.ActiveCfg = Debug|Any CPU
		{87548A51-1896-4FB4-A20D-179252E30295}.Debug|Any CPU.Build.0 = Debug|Any CPU
		{87548A51-1896-4FB4-A20D-179252E30295}.Release|Any CPU.ActiveCfg = Release|Any CPU
		{87548A51-1896-4FB4-A20D-179252E30295}.Release|Any CPU.Build.0 = Release|Any CPU
	EndGlobalSection
	GlobalSection(SolutionProperties) = preSolution
		HideSolutionNode = FALSE
	EndGlobalSection
	GlobalSection(NestedProjects) = preSolution
		{85B99A8E-9C59-48F8-9457-33548FDD941A} = {4E289C4A-541D-4A80-9F76-18225B70E449}
		{4F350518-C22F-4F1B-9BC0-1D02A825FB89} = {85B99A8E-9C59-48F8-9457-33548FDD941A}
		{121CD0FB-4541-419C-9A7B-6765A02F7B72} = {4E289C4A-541D-4A80-9F76-18225B70E449}
		{B0132805-1DBB-4A85-8E8A-C1C475466F3C} = {121CD0FB-4541-419C-9A7B-6765A02F7B72}
		{A8564D42-D806-4AA3-8E06-3B2611CDE4F0} = {4E289C4A-541D-4A80-9F76-18225B70E449}
		{47E2E8BC-F41D-4771-8CFB-10FE8875DE31} = {A8564D42-D806-4AA3-8E06-3B2611CDE4F0}
		{9881E3FD-05E3-4776-A65A-74494D07D36A} = {A8564D42-D806-4AA3-8E06-3B2611CDE4F0}
		{B48DE159-F455-4726-BBAA-04D1C8A637A5} = {4E289C4A-541D-4A80-9F76-18225B70E449}
		{87548A51-1896-4FB4-A20D-179252E30295} = {B48DE159-F455-4726-BBAA-04D1C8A637A5}
	EndGlobalSection
	GlobalSection(ExtensibilityGlobals) = postSolution
		SolutionGuid = {51801E76-B0BF-48E4-BF35-5D487EF625DE}
	EndGlobalSection
EndGlobal
